
Microsoft Visual Studio Solution File, Format Version 12.00
# Visual Studio Version 17
VisualStudioVersion = 17.12.35728.132 d17.12
MinimumVisualStudioVersion = 10.0.40219.1
Project("{FAE04EC0-301F-11D3-BF4B-00C04F79EFBC}") = "Telex-App-Performance-Monitor-API", "Telex-App-Performance-Monitor-API\Telex-App-Performance-Monitor-API.csproj", "{C16F4D4F-5FF0-496A-865A-9CEF6CC9B247}"
EndProject
Project("{FAE04EC0-301F-11D3-BF4B-00C04F79EFBC}") = "Telex-App-Performance-Monitor-Service", "Telex-App-Performance-Monitor-Service\Telex-App-Performance-Monitor-Service.csproj", "{C680590C-0629-4531-A49A-CE2C1A0CA61F}"
EndProject
Global
	GlobalSection(SolutionConfigurationPlatforms) = preSolution
		Debug|Any CPU = Debug|Any CPU
		Release|Any CPU = Release|Any CPU
	EndGlobalSection
	GlobalSection(ProjectConfigurationPlatforms) = postSolution
		{C16F4D4F-5FF0-496A-865A-9CEF6CC9B247}.Debug|Any CPU.ActiveCfg = Debug|Any CPU
		{C16F4D4F-5FF0-496A-865A-9CEF6CC9B247}.Debug|Any CPU.Build.0 = Debug|Any CPU
		{C16F4D4F-5FF0-496A-865A-9CEF6CC9B247}.Release|Any CPU.ActiveCfg = Release|Any CPU
		{C16F4D4F-5FF0-496A-865A-9CEF6CC9B247}.Release|Any CPU.Build.0 = Release|Any CPU
		{C680590C-0629-4531-A49A-CE2C1A0CA61F}.Debug|Any CPU.ActiveCfg = Debug|Any CPU
		{C680590C-0629-4531-A49A-CE2C1A0CA61F}.Debug|Any CPU.Build.0 = Debug|Any CPU
		{C680590C-0629-4531-A49A-CE2C1A0CA61F}.Release|Any CPU.ActiveCfg = Release|Any CPU
		{C680590C-0629-4531-A49A-CE2C1A0CA61F}.Release|Any CPU.Build.0 = Release|Any CPU
	EndGlobalSection
	GlobalSection(SolutionProperties) = preSolution
		HideSolutionNode = FALSE
	EndGlobalSection
EndGlobal
